
Microsoft Visual Studio Solution File, Format Version 11.00
# Visual Studio 2010
Project("{FAE04EC0-301F-11D3-BF4B-00C04F79EFBC}") = "Sitecore.Modules.FriendlyItemNames", "Website\Sitecore.Modules.FriendlyItemNames.csproj", "{BC41618D-D91F-44F9-B8B4-CE9479D6749D}"
EndProject
Global
	GlobalSection(SolutionConfigurationPlatforms) = preSolution
		Debug|Any CPU = Debug|Any CPU
		Release|Any CPU = Release|Any CPU
	EndGlobalSection
	GlobalSection(ProjectConfigurationPlatforms) = postSolution
		{BC41618D-D91F-44F9-B8B4-CE9479D6749D}.Debug|Any CPU.ActiveCfg = Debug|Any CPU
		{BC41618D-D91F-44F9-B8B4-CE9479D6749D}.Debug|Any CPU.Build.0 = Debug|Any CPU
		{BC41618D-D91F-44F9-B8B4-CE9479D6749D}.Release|Any CPU.ActiveCfg = Release|Any CPU
		{BC41618D-D91F-44F9-B8B4-CE9479D6749D}.Release|Any CPU.Build.0 = Release|Any CPU
	EndGlobalSection
	GlobalSection(SolutionProperties) = preSolution
		HideSolutionNode = FALSE
	EndGlobalSection
	GlobalSection(ExtensibilityGlobals) = postSolution
		VisualSVNWorkingCopyRoot = .
	EndGlobalSection
EndGlobal
